// !$*UTF8*$!
{
	archiveVersion = 1;
	classes = {
	};
	objectVersion = 50;
	objects = {

/* Begin PBXBuildFile section */
		8311BB6622E5D550004ACA0F /* BlueViewController.swift in Sources */ = {isa = PBXBuildFile; fileRef = 8311BB6522E5D550004ACA0F /* BlueViewController.swift */; };
		83621D3922E7E536000CA598 /* Assets.xcassets in Resources */ = {isa = PBXBuildFile; fileRef = 83621D3822E7E536000CA598 /* Assets.xcassets */; };
		83888ED622E1AC8400DE2DCA /* AppDelegate.swift in Sources */ = {isa = PBXBuildFile; fileRef = 83888ED522E1AC8400DE2DCA /* AppDelegate.swift */; };
		83888ED822E1AC8400DE2DCA /* SceneDelegate.swift in Sources */ = {isa = PBXBuildFile; fileRef = 83888ED722E1AC8400DE2DCA /* SceneDelegate.swift */; };
		83888EDA22E1AC8400DE2DCA /* ViewController.swift in Sources */ = {isa = PBXBuildFile; fileRef = 83888ED922E1AC8400DE2DCA /* ViewController.swift */; };
		83888EDD22E1AC8400DE2DCA /* Main.storyboard in Resources */ = {isa = PBXBuildFile; fileRef = 83888EDB22E1AC8400DE2DCA /* Main.storyboard */; };
/* End PBXBuildFile section */

/* Begin PBXFileReference section */
		8311BB6522E5D550004ACA0F /* BlueViewController.swift */ = {isa = PBXFileReference; lastKnownFileType = sourcecode.swift; path = BlueViewController.swift; sourceTree = "<group>"; };
		83621D3822E7E536000CA598 /* Assets.xcassets */ = {isa = PBXFileReference; lastKnownFileType = folder.assetcatalog; path = Assets.xcassets; sourceTree = "<group>"; };
		83888ED222E1AC8400DE2DCA /* guestNumber.app */ = {isa = PBXFileReference; explicitFileType = wrapper.application; includeInIndex = 0; path = guestNumber.app; sourceTree = BUILT_PRODUCTS_DIR; };
		83888ED522E1AC8400DE2DCA /* AppDelegate.swift */ = {isa = PBXFileReference; lastKnownFileType = sourcecode.swift; path = AppDelegate.swift; sourceTree = "<group>"; };
		83888ED722E1AC8400DE2DCA /* SceneDelegate.swift */ = {isa = PBXFileReference; lastKnownFileType = sourcecode.swift; path = SceneDelegate.swift; sourceTree = "<group>"; };
		83888ED922E1AC8400DE2DCA /* ViewController.swift */ = {isa = PBXFileReference; lastKnownFileType = sourcecode.swift; path = ViewController.swift; sourceTree = "<group>"; };
		83888EDC22E1AC8400DE2DCA /* Base */ = {isa = PBXFileReference; lastKnownFileType = file.storyboard; name = Base; path = Base.lproj/Main.storyboard; sourceTree = "<group>"; };
		83888EE322E1AC8600DE2DCA /* Info.plist */ = {isa = PBXFileReference; lastKnownFileType = text.plist.xml; path = Info.plist; sourceTree = "<group>"; };
/* End PBXFileReference section */

/* Begin PBXFrameworksBuildPhase section */
		83888ECF22E1AC8400DE2DCA /* Frameworks */ = {
			isa = PBXFrameworksBuildPhase;
			buildActionMask = 2147483647;
			files = (
			);
			runOnlyForDeploymentPostprocessing = 0;
		};
/* End PBXFrameworksBuildPhase section */

/* Begin PBXGroup section */
		83888EC922E1AC8400DE2DCA = {
			isa = PBXGroup;
			children = (
				83888ED422E1AC8400DE2DCA /* guestNumber */,
				83888ED322E1AC8400DE2DCA /* Products */,
			);
			sourceTree = "<group>";
		};
		83888ED322E1AC8400DE2DCA /* Products */ = {
			isa = PBXGroup;
			children = (
				83888ED222E1AC8400DE2DCA /* guestNumber.app */,
			);
			name = Products;
			sourceTree = "<group>";
		};
		83888ED422E1AC8400DE2DCA /* guestNumber */ = {
			isa = PBXGroup;
			children = (
				83888ED522E1AC8400DE2DCA /* AppDelegate.swift */,
				83888ED722E1AC8400DE2DCA /* SceneDelegate.swift */,
				83888ED922E1AC8400DE2DCA /* ViewController.swift */,
				83888EDB22E1AC8400DE2DCA /* Main.storyboard */,
				8311BB6522E5D550004ACA0F /* BlueViewController.swift */,
				83888EE322E1AC8600DE2DCA /* Info.plist */,
				83621D3822E7E536000CA598 /* Assets.xcassets */,
			);
			path = guestNumber;
			sourceTree = "<group>";
		};
/* End PBXGroup section */

/* Begin PBXNativeTarget section */
		83888ED122E1AC8400DE2DCA /* guestNumber */ = {
			isa = PBXNativeTarget;
			buildConfigurationList = 83888EE622E1AC8600DE2DCA /* Build configuration list for PBXNativeTarget "guestNumber" */;
			buildPhases = (
				83888ECE22E1AC8400DE2DCA /* Sources */,
				83888ECF22E1AC8400DE2DCA /* Frameworks */,
				83888ED022E1AC8400DE2DCA /* Resources */,
			);
			buildRules = (
			);
			dependencies = (
			);
			name = guestNumber;
			productName = guestNumber;
			productReference = 83888ED222E1AC8400DE2DCA /* guestNumber.app */;
			productType = "com.apple.product-type.application";
		};
/* End PBXNativeTarget section */

/* Begin PBXProject section */
		83888ECA22E1AC8400DE2DCA /* Project object */ = {
			isa = PBXProject;
			attributes = {
				LastSwiftUpdateCheck = 1100;
				LastUpgradeCheck = 1100;
				ORGANIZATIONNAME = "Kyowa Kirin";
				TargetAttributes = {
					83888ED122E1AC8400DE2DCA = {
						CreatedOnToolsVersion = 11.0;
					};
				};
			};
			buildConfigurationList = 83888ECD22E1AC8400DE2DCA /* Build configuration list for PBXProject "guestNumber" */;
			compatibilityVersion = "Xcode 9.3";
			developmentRegion = en;
			hasScannedForEncodings = 0;
			knownRegions = (
				en,
				Base,
			);
			mainGroup = 83888EC922E1AC8400DE2DCA;
			productRefGroup = 83888ED322E1AC8400DE2DCA /* Products */;
			projectDirPath = "";
			projectRoot = "";
			targets = (
				83888ED122E1AC8400DE2DCA /* guestNumber */,
			);
		};
/* End PBXProject section */

/* Begin PBXResourcesBuildPhase section */
		83888ED022E1AC8400DE2DCA /* Resources */ = {
			isa = PBXResourcesBuildPhase;
			buildActionMask = 2147483647;
			files = (
				83621D3922E7E536000CA598 /* Assets.xcassets in Resources */,
				83888EDD22E1AC8400DE2DCA /* Main.storyboard in Resources */,
			);
			runOnlyForDeploymentPostprocessing = 0;
		};
/* End PBXResourcesBuildPhase section */

/* Begin PBXSourcesBuildPhase section */
		83888ECE22E1AC8400DE2DCA /* Sources */ = {
			isa = PBXSourcesBuildPhase;
			buildActionMask = 2147483647;
			files = (
				83888EDA22E1AC8400DE2DCA /* ViewController.swift in Sources */,
				83888ED622E1AC8400DE2DCA /* AppDelegate.swift in Sources */,
				8311BB6622E5D550004ACA0F /* BlueViewController.swift in Sources */,
				83888ED822E1AC8400DE2DCA /* SceneDelegate.swift in Sources */,
			);
			runOnlyForDeploymentPostprocessing = 0;
		};
/* End PBXSourcesBuildPhase section */

/* Begin PBXVariantGroup section */
		83888EDB22E1AC8400DE2DCA /* Main.storyboard */ = {
			isa = PBXVariantGroup;
			children = (
				83888EDC22E1AC8400DE2DCA /* Base */,
			);
			name = Main.storyboard;
			sourceTree = "<group>";
		};
/* End PBXVariantGroup section */

/* Begin XCBuildConfiguration section */
		83888EE422E1AC8600DE2DCA /* Debug */ = {
			isa = XCBuildConfiguration;
			buildSettings = {
				ALWAYS_SEARCH_USER_PATHS = NO;
				CLANG_ANALYZER_NONNULL = YES;
				CLANG_ANALYZER_NUMBER_OBJECT_CONVERSION = YES_AGGRESSIVE;
				CLANG_CXX_LANGUAGE_STANDARD = "gnu++14";
				CLANG_CXX_LIBRARY = "libc++";
				CLANG_ENABLE_MODULES = YES;
				CLANG_ENABLE_OBJC_ARC = YES;
				CLANG_ENABLE_OBJC_WEAK = YES;
				CLANG_WARN_BLOCK_CAPTURE_AUTORELEASING = YES;
				CLANG_WARN_BOOL_CONVERSION = YES;
				CLANG_WARN_COMMA = YES;
				CLANG_WARN_CONSTANT_CONVERSION = YES;
				CLANG_WARN_DEPRECATED_OBJC_IMPLEMENTATIONS = YES;
				CLANG_WARN_DIRECT_OBJC_ISA_USAGE = YES_ERROR;
				CLANG_WARN_DOCUMENTATION_COMMENTS = YES;
				CLANG_WARN_EMPTY_BODY = YES;
				CLANG_WARN_ENUM_CONVERSION = YES;
				CLANG_WARN_INFINITE_RECURSION = YES;
				CLANG_WARN_INT_CONVERSION = YES;
				CLANG_WARN_NON_LITERAL_NULL_CONVERSION = YES;
				CLANG_WARN_OBJC_IMPLICIT_RETAIN_SELF = YES;
				CLANG_WARN_OBJC_LITERAL_CONVERSION = YES;
				CLANG_WARN_OBJC_ROOT_CLASS = YES_ERROR;
				CLANG_WARN_RANGE_LOOP_ANALYSIS = YES;
				CLANG_WARN_STRICT_PROTOTYPES = YES;
				CLANG_WARN_SUSPICIOUS_MOVE = YES;
				CLANG_WARN_UNGUARDED_AVAILABILITY = YES_AGGRESSIVE;
				CLANG_WARN_UNREACHABLE_CODE = YES;
				CLANG_WARN__DUPLICATE_METHOD_MATCH = YES;
				COPY_PHASE_STRIP = NO;
				DEBUG_INFORMATION_FORMAT = dwarf;
				ENABLE_STRICT_OBJC_MSGSEND = YES;
				ENABLE_TESTABILITY = YES;
				GCC_C_LANGUAGE_STANDARD = gnu11;
				GCC_DYNAMIC_NO_PIC = NO;
				GCC_NO_COMMON_BLOCKS = YES;
				GCC_OPTIMIZATION_LEVEL = 0;
				GCC_PREPROCESSOR_DEFINITIONS = (
					"DEBUG=1",
					"$(inherited)",
				);
				GCC_WARN_64_TO_32_BIT_CONVERSION = YES;
				GCC_WARN_ABOUT_RETURN_TYPE = YES_ERROR;
				GCC_WARN_UNDECLARED_SELECTOR = YES;
				GCC_WARN_UNINITIALIZED_AUTOS = YES_AGGRESSIVE;
				GCC_WARN_UNUSED_FUNCTION = YES;
				GCC_WARN_UNUSED_VARIABLE = YES;
				IPHONEOS_DEPLOYMENT_TARGET = 13.0;
				MTL_ENABLE_DEBUG_INFO = INCLUDE_SOURCE;
				MTL_FAST_MATH = YES;
				ONLY_ACTIVE_ARCH = YES;
				SDKROOT = iphoneos;
				SWIFT_ACTIVE_COMPILATION_CONDITIONS = DEBUG;
				SWIFT_OPTIMIZATION_LEVEL = "-Onone";
			};
			name = Debug;
		};
		83888EE522E1AC8600DE2DCA /* Release */ = {
			isa = XCBuildConfiguration;
			buildSettings = {
				ALWAYS_SEARCH_USER_PATHS = NO;
				CLANG_ANALYZER_NONNULL = YES;
				CLANG_ANALYZER_NUMBER_OBJECT_CONVERSION = YES_AGGRESSIVE;
				CLANG_CXX_LANGUAGE_STANDARD = "gnu++14";
				CLANG_CXX_LIBRARY = "libc++";
				CLANG_ENABLE_MODULES = YES;
				CLANG_ENABLE_OBJC_ARC = YES;
				CLANG_ENABLE_OBJC_WEAK = YES;
				CLANG_WARN_BLOCK_CAPTURE_AUTORELEASING = YES;
				CLANG_WARN_BOOL_CONVERSION = YES;
				CLANG_WARN_COMMA = YES;
				CLANG_WARN_CONSTANT_CONVERSION = YES;
				CLANG_WARN_DEPRECATED_OBJC_IMPLEMENTATIONS = YES;
				CLANG_WARN_DIRECT_OBJC_ISA_USAGE = YES_ERROR;
				CLANG_WARN_DOCUMENTATION_COMMENTS = YES;
				CLANG_WARN_EMPTY_BODY = YES;
				CLANG_WARN_ENUM_CONVERSION = YES;
				CLANG_WARN_INFINITE_RECURSION = YES;
				CLANG_WARN_INT_CONVERSION = YES;
				CLANG_WARN_NON_LITERAL_NULL_CONVERSION = YES;
				CLANG_WARN_OBJC_IMPLICIT_RETAIN_SELF = YES;
				CLANG_WARN_OBJC_LITERAL_CONVERSION = YES;
				CLANG_WARN_OBJC_ROOT_CLASS = YES_ERROR;
				CLANG_WARN_RANGE_LOOP_ANALYSIS = YES;
				CLANG_WARN_STRICT_PROTOTYPES = YES;
				CLANG_WARN_SUSPICIOUS_MOVE = YES;
				CLANG_WARN_UNGUARDED_AVAILABILITY = YES_AGGRESSIVE;
				CLANG_WARN_UNREACHABLE_CODE = YES;
				CLANG_WARN__DUPLICATE_METHOD_MATCH = YES;
				COPY_PHASE_STRIP = NO;
				DEBUG_INFORMATION_FORMAT = "dwarf-with-dsym";
				ENABLE_NS_ASSERTIONS = NO;
				ENABLE_STRICT_OBJC_MSGSEND = YES;
				GCC_C_LANGUAGE_STANDARD = gnu11;
				GCC_NO_COMMON_BLOCKS = YES;
				GCC_WARN_64_TO_32_BIT_CONVERSION = YES;
				GCC_WARN_ABOUT_RETURN_TYPE = YES_ERROR;
				GCC_WARN_UNDECLARED_SELECTOR = YES;
				GCC_WARN_UNINITIALIZED_AUTOS = YES_AGGRESSIVE;
				GCC_WARN_UNUSED_FUNCTION = YES;
				GCC_WARN_UNUSED_VARIABLE = YES;
				IPHONEOS_DEPLOYMENT_TARGET = 13.0;
				MTL_ENABLE_DEBUG_INFO = NO;
				MTL_FAST_MATH = YES;
				SDKROOT = iphoneos;
				SWIFT_COMPILATION_MODE = wholemodule;
				SWIFT_OPTIMIZATION_LEVEL = "-O";
				VALIDATE_PRODUCT = YES;
			};
			name = Release;
		};
		83888EE722E1AC8600DE2DCA /* Debug */ = {
			isa = XCBuildConfiguration;
			buildSettings = {
				CODE_SIGN_STYLE = Automatic;
				DEVELOPMENT_TEAM = UT4D6JDCUB;
				INFOPLIST_FILE = guestNumber/Info.plist;
				LD_RUNPATH_SEARCH_PATHS = (
					"$(inherited)",
					"@executable_path/Frameworks",
				);
				PRODUCT_BUNDLE_IDENTIFIER = com.kyowakirin.guestNumber;
				PRODUCT_NAME = "$(TARGET_NAME)";
				SWIFT_VERSION = 5.0;
				TARGETED_DEVICE_FAMILY = "1,2";
			};
			name = Debug;
		};
		83888EE822E1AC8600DE2DCA /* Release */ = {
			isa = XCBuildConfiguration;
			buildSettings = {
				CODE_SIGN_STYLE = Automatic;
				DEVELOPMENT_TEAM = UT4D6JDCUB;
				INFOPLIST_FILE = guestNumber/Info.plist;
				LD_RUNPATH_SEARCH_PATHS = (
					"$(inherited)",
					"@executable_path/Frameworks",
				);
				PRODUCT_BUNDLE_IDENTIFIER = com.kyowakirin.guestNumber;
				PRODUCT_NAME = "$(TARGET_NAME)";
				SWIFT_VERSION = 5.0;
				TARGETED_DEVICE_FAMILY = "1,2";
			};
			name = Release;
		};
/* End XCBuildConfiguration section */

/* Begin XCConfigurationList section */
		83888ECD22E1AC8400DE2DCA /* Build configuration list for PBXProject "guestNumber" */ = {
			isa = XCConfigurationList;
			buildConfigurations = (
				83888EE422E1AC8600DE2DCA /* Debug */,
				83888EE522E1AC8600DE2DCA /* Release */,
			);
			defaultConfigurationIsVisible = 0;
			defaultConfigurationName = Release;
		};
		83888EE622E1AC8600DE2DCA /* Build configuration list for PBXNativeTarget "guestNumber" */ = {
			isa = XCConfigurationList;
			buildConfigurations = (
				83888EE722E1AC8600DE2DCA /* Debug */,
				83888EE822E1AC8600DE2DCA /* Release */,
			);
			defaultConfigurationIsVisible = 0;
			defaultConfigurationName = Release;
		};
/* End XCConfigurationList section */
	};
	rootObject = 83888ECA22E1AC8400DE2DCA /* Project object */;
}
